# This file is automatically @generated by Poetry 1.4.0 and should not be changed by hand.

[[package]]
name = "beartype"
version = "0.12.0"
description = "Unbearably fast runtime type checking in pure Python."
category = "main"
optional = false
python-versions = ">=3.7.0"
files = [
    {file = "beartype-0.12.0-py3-none-any.whl", hash = "sha256:3d9d5bec198bcf965c000d7b5120bebdd19a444ef6e39e97d0e93eb8832e10c8"},
    {file = "beartype-0.12.0.tar.gz", hash = "sha256:3b7545b3f333a6b07042b68b102141554c9add2e979dab7b0f8ed6378f7af7d7"},
]

[package.extras]
all = ["typing-extensions (>=3.10.0.0)"]
dev = ["autoapi (>=0.9.0)", "coverage (>=5.5)", "mypy (>=0.800)", "numpy", "pytest (>=4.0.0)", "sphinx", "sphinx (>=4.1.0)", "tox (>=3.20.1)", "typing-extensions"]
doc-rtd = ["furo (==2022.6.21)", "sphinx (==4.1.0)"]
test-tox = ["mypy (>=0.800)", "numpy", "pytest (>=4.0.0)", "sphinx", "typing-extensions"]
test-tox-coverage = ["coverage (>=5.5)"]

[metadata]
lock-version = "2.0"
python-versions = "^3.11"
content-hash = "3733f96ef4b7a3982449e99812cbfd002aac9faf25512808e010793d4f6c2bea"
